<Solution>
  <Folder Name="/src/">
    <Project Path="src/DesktopPeople.App/DesktopPeople.App.csproj" />
    <Project Path="src/DesktopPeople.Core/DesktopPeople.Core.csproj" />
  </Folder>
  <Folder Name="/tests/">
    <Project Path="tests/DesktopPeople.Tests/DesktopPeople.Tests.csproj" />
  </Folder>
</Solution>
